
Microsoft Visual Studio Solution File, Format Version 11.00
# Visual Studio 2010
Project("{FAE04EC0-301F-11D3-BF4B-00C04F79EFBC}") = "QLCuaHangVai", "QLCuaHangVai.csproj", "{B506DD1F-95D7-40CF-9763-79D414D0994F}"
EndProject
Project("{FAE04EC0-301F-11D3-BF4B-00C04F79EFBC}") = "UnitTest", "..\UnitTest\UnitTest.csproj", "{7A5D612D-E251-4A05-8384-71D0D608722F}"
EndProject
Project("{2150E333-8FDC-42A3-9474-1A3956D46DE8}") = "Solution Items", "Solution Items", "{D93930B2-F63A-4EA9-B003-7A1DB911C75F}"
	ProjectSection(SolutionItems) = preProject
		Local.testsettings = Local.testsettings
		QLCuaHangVai.vsmdi = QLCuaHangVai.vsmdi
		TraceAndTestImpact.testsettings = TraceAndTestImpact.testsettings
	EndProjectSection
EndProject
Project("{C8D11400-126E-41CD-887F-60BD40844F9E}") = "CSDL_QLCuaHangVai", "CSDL_QLCuaHangVai\CSDL_QLCuaHangVai.dbproj", "{67CBC824-A49E-4E9B-A947-360F3DFE65C3}"
EndProject
Global
	GlobalSection(TestCaseManagementSettings) = postSolution
		CategoryFile = QLCuaHangVai.vsmdi
	EndGlobalSection
	GlobalSection(SolutionConfigurationPlatforms) = preSolution
		Debug|Any CPU = Debug|Any CPU
		Debug|Mixed Platforms = Debug|Mixed Platforms
		Debug|x86 = Debug|x86
		Release|Any CPU = Release|Any CPU
		Release|Mixed Platforms = Release|Mixed Platforms
		Release|x86 = Release|x86
	EndGlobalSection
	GlobalSection(ProjectConfigurationPlatforms) = postSolution
		{B506DD1F-95D7-40CF-9763-79D414D0994F}.Debug|Any CPU.ActiveCfg = Debug|x86
		{B506DD1F-95D7-40CF-9763-79D414D0994F}.Debug|Mixed Platforms.ActiveCfg = Debug|x86
		{B506DD1F-95D7-40CF-9763-79D414D0994F}.Debug|Mixed Platforms.Build.0 = Debug|x86
		{B506DD1F-95D7-40CF-9763-79D414D0994F}.Debug|x86.ActiveCfg = Debug|x86
		{B506DD1F-95D7-40CF-9763-79D414D0994F}.Debug|x86.Build.0 = Debug|x86
		{B506DD1F-95D7-40CF-9763-79D414D0994F}.Release|Any CPU.ActiveCfg = Release|x86
		{B506DD1F-95D7-40CF-9763-79D414D0994F}.Release|Mixed Platforms.ActiveCfg = Release|x86
		{B506DD1F-95D7-40CF-9763-79D414D0994F}.Release|Mixed Platforms.Build.0 = Release|x86
		{B506DD1F-95D7-40CF-9763-79D414D0994F}.Release|x86.ActiveCfg = Release|x86
		{B506DD1F-95D7-40CF-9763-79D414D0994F}.Release|x86.Build.0 = Release|x86
		{7A5D612D-E251-4A05-8384-71D0D608722F}.Debug|Any CPU.ActiveCfg = Debug|Any CPU
		{7A5D612D-E251-4A05-8384-71D0D608722F}.Debug|Any CPU.Build.0 = Debug|Any CPU
		{7A5D612D-E251-4A05-8384-71D0D608722F}.Debug|Mixed Platforms.ActiveCfg = Debug|Any CPU
		{7A5D612D-E251-4A05-8384-71D0D608722F}.Debug|Mixed Platforms.Build.0 = Debug|Any CPU
		{7A5D612D-E251-4A05-8384-71D0D608722F}.Debug|x86.ActiveCfg = Debug|Any CPU
		{7A5D612D-E251-4A05-8384-71D0D608722F}.Release|Any CPU.ActiveCfg = Release|Any CPU
		{7A5D612D-E251-4A05-8384-71D0D608722F}.Release|Any CPU.Build.0 = Release|Any CPU
		{7A5D612D-E251-4A05-8384-71D0D608722F}.Release|Mixed Platforms.ActiveCfg = Release|Any CPU
		{7A5D612D-E251-4A05-8384-71D0D608722F}.Release|Mixed Platforms.Build.0 = Release|Any CPU
		{7A5D612D-E251-4A05-8384-71D0D608722F}.Release|x86.ActiveCfg = Release|Any CPU
		{67CBC824-A49E-4E9B-A947-360F3DFE65C3}.Debug|Any CPU.ActiveCfg = Debug|Any CPU
		{67CBC824-A49E-4E9B-A947-360F3DFE65C3}.Debug|Any CPU.Build.0 = Debug|Any CPU
		{67CBC824-A49E-4E9B-A947-360F3DFE65C3}.Debug|Any CPU.Deploy.0 = Debug|Any CPU
		{67CBC824-A49E-4E9B-A947-360F3DFE65C3}.Debug|Mixed Platforms.ActiveCfg = Debug|Any CPU
		{67CBC824-A49E-4E9B-A947-360F3DFE65C3}.Debug|Mixed Platforms.Build.0 = Debug|Any CPU
		{67CBC824-A49E-4E9B-A947-360F3DFE65C3}.Debug|Mixed Platforms.Deploy.0 = Debug|Any CPU
		{67CBC824-A49E-4E9B-A947-360F3DFE65C3}.Debug|x86.ActiveCfg = Debug|Any CPU
		{67CBC824-A49E-4E9B-A947-360F3DFE65C3}.Release|Any CPU.ActiveCfg = Release|Any CPU
		{67CBC824-A49E-4E9B-A947-360F3DFE65C3}.Release|Any CPU.Build.0 = Release|Any CPU
		{67CBC824-A49E-4E9B-A947-360F3DFE65C3}.Release|Any CPU.Deploy.0 = Release|Any CPU
		{67CBC824-A49E-4E9B-A947-360F3DFE65C3}.Release|Mixed Platforms.ActiveCfg = Release|Any CPU
		{67CBC824-A49E-4E9B-A947-360F3DFE65C3}.Release|Mixed Platforms.Build.0 = Release|Any CPU
		{67CBC824-A49E-4E9B-A947-360F3DFE65C3}.Release|Mixed Platforms.Deploy.0 = Release|Any CPU
		{67CBC824-A49E-4E9B-A947-360F3DFE65C3}.Release|x86.ActiveCfg = Release|Any CPU
	EndGlobalSection
	GlobalSection(SolutionProperties) = preSolution
		HideSolutionNode = FALSE
	EndGlobalSection
EndGlobal
